
Microsoft Visual Studio Solution File, Format Version 12.00
# Visual Studio Version 17
VisualStudioVersion = 17.11.35327.3
MinimumVisualStudioVersion = 10.0.40219.1
Project("{FAE04EC0-301F-11D3-BF4B-00C04F79EFBC}") = "AdventOfCode", "AdventOfCode.csproj", "{43CEFB2D-4335-41AE-B2BA-FD9A412F9D14}"
EndProject
Global
	GlobalSection(SolutionConfigurationPlatforms) = preSolution
		Debug|Any CPU = Debug|Any CPU
		Release|Any CPU = Release|Any CPU
	EndGlobalSection
	GlobalSection(ProjectConfigurationPlatforms) = postSolution
		{43CEFB2D-4335-41AE-B2BA-FD9A412F9D14}.Debug|Any CPU.ActiveCfg = Debug|Any CPU
		{43CEFB2D-4335-41AE-B2BA-FD9A412F9D14}.Debug|Any CPU.Build.0 = Debug|Any CPU
		{43CEFB2D-4335-41AE-B2BA-FD9A412F9D14}.Release|Any CPU.ActiveCfg = Release|Any CPU
		{43CEFB2D-4335-41AE-B2BA-FD9A412F9D14}.Release|Any CPU.Build.0 = Release|Any CPU
	EndGlobalSection
	GlobalSection(SolutionProperties) = preSolution
		HideSolutionNode = FALSE
	EndGlobalSection
	GlobalSection(ExtensibilityGlobals) = postSolution
		SolutionGuid = {421B577B-F0C8-4B15-A81F-0DE58174C8FB}
	EndGlobalSection
EndGlobal
